// !$*UTF8*$!
{
	archiveVersion = 1;
	classes = {
	};
	objectVersion = 56;
	objects = {

/* Begin PBXBuildFile section */
		F504F93F2B6AE04F001BBAAE /* LevelOneView.swift in Sources */ = {isa = PBXBuildFile; fileRef = F504F93E2B6AE04F001BBAAE /* LevelOneView.swift */; };
		F504F9412B6AE05B001BBAAE /* LevelTwoView.swift in Sources */ = {isa = PBXBuildFile; fileRef = F504F9402B6AE05B001BBAAE /* LevelTwoView.swift */; };
		F504F9432B6AE065001BBAAE /* SettingsView.swift in Sources */ = {isa = PBXBuildFile; fileRef = F504F9422B6AE065001BBAAE /* SettingsView.swift */; };
		F56F25E82B6C266D00F46F88 /* LevelOneSwitch.swift in Sources */ = {isa = PBXBuildFile; fileRef = F56F25E72B6C266D00F46F88 /* LevelOneSwitch.swift */; };
		F56F25EA2B6C27E700F46F88 /* LevelTwoSwitch.swift in Sources */ = {isa = PBXBuildFile; fileRef = F56F25E92B6C27E700F46F88 /* LevelTwoSwitch.swift */; };
		F56F25EC2B6C280200F46F88 /* LevelTwoController.swift in Sources */ = {isa = PBXBuildFile; fileRef = F56F25EB2B6C280200F46F88 /* LevelTwoController.swift */; };
		F56F25EE2B6C299700F46F88 /* GameCompleteSheetL1.swift in Sources */ = {isa = PBXBuildFile; fileRef = F56F25ED2B6C299700F46F88 /* GameCompleteSheetL1.swift */; };
		F56F25F02B6C2FF200F46F88 /* GameCompleteSheetL2.swift in Sources */ = {isa = PBXBuildFile; fileRef = F56F25EF2B6C2FF200F46F88 /* GameCompleteSheetL2.swift */; };
		F591BCB92B6C15EF000397DC /* SettingsManager.swift in Sources */ = {isa = PBXBuildFile; fileRef = F591BCB82B6C15EF000397DC /* SettingsManager.swift */; };
		F591BCBB2B6C16BD000397DC /* LevelOneController.swift in Sources */ = {isa = PBXBuildFile; fileRef = F591BCBA2B6C16BD000397DC /* LevelOneController.swift */; };
		F5FDAD2E2B6ADF5D00650A0C /* clickyApp.swift in Sources */ = {isa = PBXBuildFile; fileRef = F5FDAD2D2B6ADF5D00650A0C /* clickyApp.swift */; };
		F5FDAD302B6ADF5D00650A0C /* TabBar.swift in Sources */ = {isa = PBXBuildFile; fileRef = F5FDAD2F2B6ADF5D00650A0C /* TabBar.swift */; };
		F5FDAD322B6ADF5E00650A0C /* Assets.xcassets in Resources */ = {isa = PBXBuildFile; fileRef = F5FDAD312B6ADF5E00650A0C /* Assets.xcassets */; };
		F5FDAD352B6ADF5E00650A0C /* Preview Assets.xcassets in Resources */ = {isa = PBXBuildFile; fileRef = F5FDAD342B6ADF5E00650A0C /* Preview Assets.xcassets */; };
/* End PBXBuildFile section */

/* Begin PBXFileReference section */
		F504F93E2B6AE04F001BBAAE /* LevelOneView.swift */ = {isa = PBXFileReference; lastKnownFileType = sourcecode.swift; path = LevelOneView.swift; sourceTree = "<group>"; };
		F504F9402B6AE05B001BBAAE /* LevelTwoView.swift */ = {isa = PBXFileReference; lastKnownFileType = sourcecode.swift; path = LevelTwoView.swift; sourceTree = "<group>"; };
		F504F9422B6AE065001BBAAE /* SettingsView.swift */ = {isa = PBXFileReference; lastKnownFileType = sourcecode.swift; path = SettingsView.swift; sourceTree = "<group>"; };
		F56F25E72B6C266D00F46F88 /* LevelOneSwitch.swift */ = {isa = PBXFileReference; lastKnownFileType = sourcecode.swift; path = LevelOneSwitch.swift; sourceTree = "<group>"; };
		F56F25E92B6C27E700F46F88 /* LevelTwoSwitch.swift */ = {isa = PBXFileReference; lastKnownFileType = sourcecode.swift; path = LevelTwoSwitch.swift; sourceTree = "<group>"; };
		F56F25EB2B6C280200F46F88 /* LevelTwoController.swift */ = {isa = PBXFileReference; lastKnownFileType = sourcecode.swift; path = LevelTwoController.swift; sourceTree = "<group>"; };
		F56F25ED2B6C299700F46F88 /* GameCompleteSheetL1.swift */ = {isa = PBXFileReference; lastKnownFileType = sourcecode.swift; path = GameCompleteSheetL1.swift; sourceTree = "<group>"; };
		F56F25EF2B6C2FF200F46F88 /* GameCompleteSheetL2.swift */ = {isa = PBXFileReference; lastKnownFileType = sourcecode.swift; path = GameCompleteSheetL2.swift; sourceTree = "<group>"; };
		F591BCB82B6C15EF000397DC /* SettingsManager.swift */ = {isa = PBXFileReference; lastKnownFileType = sourcecode.swift; path = SettingsManager.swift; sourceTree = "<group>"; };
		F591BCBA2B6C16BD000397DC /* LevelOneController.swift */ = {isa = PBXFileReference; lastKnownFileType = sourcecode.swift; path = LevelOneController.swift; sourceTree = "<group>"; };
		F5B742052B7055FB0095CC48 /* useless.entitlements */ = {isa = PBXFileReference; lastKnownFileType = text.plist.entitlements; path = useless.entitlements; sourceTree = "<group>"; };
		F5FDAD2A2B6ADF5D00650A0C /* useless.app */ = {isa = PBXFileReference; explicitFileType = wrapper.application; includeInIndex = 0; path = useless.app; sourceTree = BUILT_PRODUCTS_DIR; };
		F5FDAD2D2B6ADF5D00650A0C /* clickyApp.swift */ = {isa = PBXFileReference; lastKnownFileType = sourcecode.swift; path = clickyApp.swift; sourceTree = "<group>"; };
		F5FDAD2F2B6ADF5D00650A0C /* TabBar.swift */ = {isa = PBXFileReference; lastKnownFileType = sourcecode.swift; path = TabBar.swift; sourceTree = "<group>"; };
		F5FDAD312B6ADF5E00650A0C /* Assets.xcassets */ = {isa = PBXFileReference; lastKnownFileType = folder.assetcatalog; path = Assets.xcassets; sourceTree = "<group>"; };
		F5FDAD342B6ADF5E00650A0C /* Preview Assets.xcassets */ = {isa = PBXFileReference; lastKnownFileType = folder.assetcatalog; path = "Preview Assets.xcassets"; sourceTree = "<group>"; };
/* End PBXFileReference section */

/* Begin PBXFrameworksBuildPhase section */
		F5FDAD272B6ADF5D00650A0C /* Frameworks */ = {
			isa = PBXFrameworksBuildPhase;
			buildActionMask = 2147483647;
			files = (
			);
			runOnlyForDeploymentPostprocessing = 0;
		};
/* End PBXFrameworksBuildPhase section */

/* Begin PBXGroup section */
		F5FDAD212B6ADF5D00650A0C = {
			isa = PBXGroup;
			children = (
				F5FDAD2C2B6ADF5D00650A0C /* useless */,
				F5FDAD2B2B6ADF5D00650A0C /* Products */,
			);
			sourceTree = "<group>";
		};
		F5FDAD2B2B6ADF5D00650A0C /* Products */ = {
			isa = PBXGroup;
			children = (
				F5FDAD2A2B6ADF5D00650A0C /* useless.app */,
			);
			name = Products;
			sourceTree = "<group>";
		};
		F5FDAD2C2B6ADF5D00650A0C /* useless */ = {
			isa = PBXGroup;
			children = (
				F5B742052B7055FB0095CC48 /* useless.entitlements */,
				F5FDAD2D2B6ADF5D00650A0C /* clickyApp.swift */,
				F56F25ED2B6C299700F46F88 /* GameCompleteSheetL1.swift */,
				F56F25EF2B6C2FF200F46F88 /* GameCompleteSheetL2.swift */,
				F591BCBA2B6C16BD000397DC /* LevelOneController.swift */,
				F56F25E72B6C266D00F46F88 /* LevelOneSwitch.swift */,
				F504F93E2B6AE04F001BBAAE /* LevelOneView.swift */,
				F56F25EB2B6C280200F46F88 /* LevelTwoController.swift */,
				F56F25E92B6C27E700F46F88 /* LevelTwoSwitch.swift */,
				F504F9402B6AE05B001BBAAE /* LevelTwoView.swift */,
				F591BCB82B6C15EF000397DC /* SettingsManager.swift */,
				F504F9422B6AE065001BBAAE /* SettingsView.swift */,
				F5FDAD2F2B6ADF5D00650A0C /* TabBar.swift */,
				F5FDAD312B6ADF5E00650A0C /* Assets.xcassets */,
				F5FDAD332B6ADF5E00650A0C /* Preview Content */,
			);
			path = useless;
			sourceTree = "<group>";
		};
		F5FDAD332B6ADF5E00650A0C /* Preview Content */ = {
			isa = PBXGroup;
			children = (
				F5FDAD342B6ADF5E00650A0C /* Preview Assets.xcassets */,
			);
			path = "Preview Content";
			sourceTree = "<group>";
		};
/* End PBXGroup section */

/* Begin PBXNativeTarget section */
		F5FDAD292B6ADF5D00650A0C /* useless */ = {
			isa = PBXNativeTarget;
			buildConfigurationList = F5FDAD382B6ADF5E00650A0C /* Build configuration list for PBXNativeTarget "useless" */;
			buildPhases = (
				F5FDAD262B6ADF5D00650A0C /* Sources */,
				F5FDAD272B6ADF5D00650A0C /* Frameworks */,
				F5FDAD282B6ADF5D00650A0C /* Resources */,
			);
			buildRules = (
			);
			dependencies = (
			);
			name = useless;
			productName = clicky;
			productReference = F5FDAD2A2B6ADF5D00650A0C /* useless.app */;
			productType = "com.apple.product-type.application";
		};
/* End PBXNativeTarget section */

/* Begin PBXProject section */
		F5FDAD222B6ADF5D00650A0C /* Project object */ = {
			isa = PBXProject;
			attributes = {
				BuildIndependentTargetsInParallel = 1;
				LastSwiftUpdateCheck = 1520;
				LastUpgradeCheck = 1520;
				TargetAttributes = {
					F5FDAD292B6ADF5D00650A0C = {
						CreatedOnToolsVersion = 15.2;
					};
				};
			};
			buildConfigurationList = F5FDAD252B6ADF5D00650A0C /* Build configuration list for PBXProject "useless" */;
			compatibilityVersion = "Xcode 14.0";
			developmentRegion = en;
			hasScannedForEncodings = 0;
			knownRegions = (
				en,
				Base,
			);
			mainGroup = F5FDAD212B6ADF5D00650A0C;
			productRefGroup = F5FDAD2B2B6ADF5D00650A0C /* Products */;
			projectDirPath = "";
			projectRoot = "";
			targets = (
				F5FDAD292B6ADF5D00650A0C /* useless */,
			);
		};
/* End PBXProject section */

/* Begin PBXResourcesBuildPhase section */
		F5FDAD282B6ADF5D00650A0C /* Resources */ = {
			isa = PBXResourcesBuildPhase;
			buildActionMask = 2147483647;
			files = (
				F5FDAD352B6ADF5E00650A0C /* Preview Assets.xcassets in Resources */,
				F5FDAD322B6ADF5E00650A0C /* Assets.xcassets in Resources */,
			);
			runOnlyForDeploymentPostprocessing = 0;
		};
/* End PBXResourcesBuildPhase section */

/* Begin PBXSourcesBuildPhase section */
		F5FDAD262B6ADF5D00650A0C /* Sources */ = {
			isa = PBXSourcesBuildPhase;
			buildActionMask = 2147483647;
			files = (
				F504F9432B6AE065001BBAAE /* SettingsView.swift in Sources */,
				F591BCBB2B6C16BD000397DC /* LevelOneController.swift in Sources */,
				F56F25EA2B6C27E700F46F88 /* LevelTwoSwitch.swift in Sources */,
				F56F25EE2B6C299700F46F88 /* GameCompleteSheetL1.swift in Sources */,
				F5FDAD302B6ADF5D00650A0C /* TabBar.swift in Sources */,
				F56F25E82B6C266D00F46F88 /* LevelOneSwitch.swift in Sources */,
				F591BCB92B6C15EF000397DC /* SettingsManager.swift in Sources */,
				F5FDAD2E2B6ADF5D00650A0C /* clickyApp.swift in Sources */,
				F504F9412B6AE05B001BBAAE /* LevelTwoView.swift in Sources */,
				F504F93F2B6AE04F001BBAAE /* LevelOneView.swift in Sources */,
				F56F25F02B6C2FF200F46F88 /* GameCompleteSheetL2.swift in Sources */,
				F56F25EC2B6C280200F46F88 /* LevelTwoController.swift in Sources */,
			);
			runOnlyForDeploymentPostprocessing = 0;
		};
/* End PBXSourcesBuildPhase section */

/* Begin XCBuildConfiguration section */
		F5FDAD362B6ADF5E00650A0C /* Debug */ = {
			isa = XCBuildConfiguration;
			buildSettings = {
				ALWAYS_SEARCH_USER_PATHS = NO;
				ASSETCATALOG_COMPILER_GENERATE_SWIFT_ASSET_SYMBOL_EXTENSIONS = YES;
				CLANG_ANALYZER_NONNULL = YES;
				CLANG_ANALYZER_NUMBER_OBJECT_CONVERSION = YES_AGGRESSIVE;
				CLANG_CXX_LANGUAGE_STANDARD = "gnu++20";
				CLANG_ENABLE_MODULES = YES;
				CLANG_ENABLE_OBJC_ARC = YES;
				CLANG_ENABLE_OBJC_WEAK = YES;
				CLANG_WARN_BLOCK_CAPTURE_AUTORELEASING = YES;
				CLANG_WARN_BOOL_CONVERSION = YES;
				CLANG_WARN_COMMA = YES;
				CLANG_WARN_CONSTANT_CONVERSION = YES;
				CLANG_WARN_DEPRECATED_OBJC_IMPLEMENTATIONS = YES;
				CLANG_WARN_DIRECT_OBJC_ISA_USAGE = YES_ERROR;
				CLANG_WARN_DOCUMENTATION_COMMENTS = YES;
				CLANG_WARN_EMPTY_BODY = YES;
				CLANG_WARN_ENUM_CONVERSION = YES;
				CLANG_WARN_INFINITE_RECURSION = YES;
				CLANG_WARN_INT_CONVERSION = YES;
				CLANG_WARN_NON_LITERAL_NULL_CONVERSION = YES;
				CLANG_WARN_OBJC_IMPLICIT_RETAIN_SELF = YES;
				CLANG_WARN_OBJC_LITERAL_CONVERSION = YES;
				CLANG_WARN_OBJC_ROOT_CLASS = YES_ERROR;
				CLANG_WARN_QUOTED_INCLUDE_IN_FRAMEWORK_HEADER = YES;
				CLANG_WARN_RANGE_LOOP_ANALYSIS = YES;
				CLANG_WARN_STRICT_PROTOTYPES = YES;
				CLANG_WARN_SUSPICIOUS_MOVE = YES;
				CLANG_WARN_UNGUARDED_AVAILABILITY = YES_AGGRESSIVE;
				CLANG_WARN_UNREACHABLE_CODE = YES;
				CLANG_WARN__DUPLICATE_METHOD_MATCH = YES;
				COPY_PHASE_STRIP = NO;
				DEBUG_INFORMATION_FORMAT = dwarf;
				ENABLE_STRICT_OBJC_MSGSEND = YES;
				ENABLE_TESTABILITY = YES;
				ENABLE_USER_SCRIPT_SANDBOXING = YES;
				GCC_C_LANGUAGE_STANDARD = gnu17;
				GCC_DYNAMIC_NO_PIC = NO;
				GCC_NO_COMMON_BLOCKS = YES;
				GCC_OPTIMIZATION_LEVEL = 0;
				GCC_PREPROCESSOR_DEFINITIONS = (
					"DEBUG=1",
					"$(inherited)",
				);
				GCC_WARN_64_TO_32_BIT_CONVERSION = YES;
				GCC_WARN_ABOUT_RETURN_TYPE = YES_ERROR;
				GCC_WARN_UNDECLARED_SELECTOR = YES;
				GCC_WARN_UNINITIALIZED_AUTOS = YES_AGGRESSIVE;
				GCC_WARN_UNUSED_FUNCTION = YES;
				GCC_WARN_UNUSED_VARIABLE = YES;
				IPHONEOS_DEPLOYMENT_TARGET = 17.2;
				LOCALIZATION_PREFERS_STRING_CATALOGS = YES;
				MTL_ENABLE_DEBUG_INFO = INCLUDE_SOURCE;
				MTL_FAST_MATH = YES;
				ONLY_ACTIVE_ARCH = YES;
				SDKROOT = iphoneos;
				SWIFT_ACTIVE_COMPILATION_CONDITIONS = "DEBUG $(inherited)";
				SWIFT_OPTIMIZATION_LEVEL = "-Onone";
			};
			name = Debug;
		};
		F5FDAD372B6ADF5E00650A0C /* Release */ = {
			isa = XCBuildConfiguration;
			buildSettings = {
				ALWAYS_SEARCH_USER_PATHS = NO;
				ASSETCATALOG_COMPILER_GENERATE_SWIFT_ASSET_SYMBOL_EXTENSIONS = YES;
				CLANG_ANALYZER_NONNULL = YES;
				CLANG_ANALYZER_NUMBER_OBJECT_CONVERSION = YES_AGGRESSIVE;
				CLANG_CXX_LANGUAGE_STANDARD = "gnu++20";
				CLANG_ENABLE_MODULES = YES;
				CLANG_ENABLE_OBJC_ARC = YES;
				CLANG_ENABLE_OBJC_WEAK = YES;
				CLANG_WARN_BLOCK_CAPTURE_AUTORELEASING = YES;
				CLANG_WARN_BOOL_CONVERSION = YES;
				CLANG_WARN_COMMA = YES;
				CLANG_WARN_CONSTANT_CONVERSION = YES;
				CLANG_WARN_DEPRECATED_OBJC_IMPLEMENTATIONS = YES;
				CLANG_WARN_DIRECT_OBJC_ISA_USAGE = YES_ERROR;
				CLANG_WARN_DOCUMENTATION_COMMENTS = YES;
				CLANG_WARN_EMPTY_BODY = YES;
				CLANG_WARN_ENUM_CONVERSION = YES;
				CLANG_WARN_INFINITE_RECURSION = YES;
				CLANG_WARN_INT_CONVERSION = YES;
				CLANG_WARN_NON_LITERAL_NULL_CONVERSION = YES;
				CLANG_WARN_OBJC_IMPLICIT_RETAIN_SELF = YES;
				CLANG_WARN_OBJC_LITERAL_CONVERSION = YES;
				CLANG_WARN_OBJC_ROOT_CLASS = YES_ERROR;
				CLANG_WARN_QUOTED_INCLUDE_IN_FRAMEWORK_HEADER = YES;
				CLANG_WARN_RANGE_LOOP_ANALYSIS = YES;
				CLANG_WARN_STRICT_PROTOTYPES = YES;
				CLANG_WARN_SUSPICIOUS_MOVE = YES;
				CLANG_WARN_UNGUARDED_AVAILABILITY = YES_AGGRESSIVE;
				CLANG_WARN_UNREACHABLE_CODE = YES;
				CLANG_WARN__DUPLICATE_METHOD_MATCH = YES;
				COPY_PHASE_STRIP = NO;
				DEBUG_INFORMATION_FORMAT = "dwarf-with-dsym";
				ENABLE_NS_ASSERTIONS = NO;
				ENABLE_STRICT_OBJC_MSGSEND = YES;
				ENABLE_USER_SCRIPT_SANDBOXING = YES;
				GCC_C_LANGUAGE_STANDARD = gnu17;
				GCC_NO_COMMON_BLOCKS = YES;
				GCC_WARN_64_TO_32_BIT_CONVERSION = YES;
				GCC_WARN_ABOUT_RETURN_TYPE = YES_ERROR;
				GCC_WARN_UNDECLARED_SELECTOR = YES;
				GCC_WARN_UNINITIALIZED_AUTOS = YES_AGGRESSIVE;
				GCC_WARN_UNUSED_FUNCTION = YES;
				GCC_WARN_UNUSED_VARIABLE = YES;
				IPHONEOS_DEPLOYMENT_TARGET = 17.2;
				LOCALIZATION_PREFERS_STRING_CATALOGS = YES;
				MTL_ENABLE_DEBUG_INFO = NO;
				MTL_FAST_MATH = YES;
				SDKROOT = iphoneos;
				SWIFT_COMPILATION_MODE = wholemodule;
				VALIDATE_PRODUCT = YES;
			};
			name = Release;
		};
		F5FDAD392B6ADF5E00650A0C /* Debug */ = {
			isa = XCBuildConfiguration;
			buildSettings = {
				ASSETCATALOG_COMPILER_APPICON_NAME = AppIcon;
				ASSETCATALOG_COMPILER_GLOBAL_ACCENT_COLOR_NAME = AccentColor;
				CODE_SIGN_ENTITLEMENTS = useless/useless.entitlements;
				CODE_SIGN_STYLE = Automatic;
				CURRENT_PROJECT_VERSION = 1;
				DEVELOPMENT_ASSET_PATHS = "\"useless/Preview Content\"";
				DEVELOPMENT_TEAM = D6MFYYVHA8;
				ENABLE_PREVIEWS = YES;
				GENERATE_INFOPLIST_FILE = YES;
				INFOPLIST_KEY_CFBundleDisplayName = useless;
				INFOPLIST_KEY_LSApplicationCategoryType = "public.app-category.games";
				INFOPLIST_KEY_UIApplicationSceneManifest_Generation = YES;
				INFOPLIST_KEY_UIApplicationSupportsIndirectInputEvents = YES;
				INFOPLIST_KEY_UILaunchScreen_Generation = YES;
				INFOPLIST_KEY_UIRequiresFullScreen = YES;
				INFOPLIST_KEY_UISupportedInterfaceOrientations = UIInterfaceOrientationPortrait;
				INFOPLIST_KEY_UISupportedInterfaceOrientations_iPad = "UIInterfaceOrientationLandscapeLeft UIInterfaceOrientationLandscapeRight UIInterfaceOrientationPortrait UIInterfaceOrientationPortraitUpsideDown";
				IPHONEOS_DEPLOYMENT_TARGET = 15.0;
				LD_RUNPATH_SEARCH_PATHS = (
					"$(inherited)",
					"@executable_path/Frameworks",
				);
				MARKETING_VERSION = 1.0.0;
				PRODUCT_BUNDLE_IDENTIFIER = "com.jayagra.useless-machine";
				PRODUCT_NAME = "$(TARGET_NAME)";
				SUPPORTED_PLATFORMS = "iphoneos iphonesimulator";
				SUPPORTS_MACCATALYST = NO;
				SUPPORTS_MAC_DESIGNED_FOR_IPHONE_IPAD = NO;
				SUPPORTS_XR_DESIGNED_FOR_IPHONE_IPAD = NO;
				SWIFT_EMIT_LOC_STRINGS = YES;
				SWIFT_VERSION = 5.0;
				TARGETED_DEVICE_FAMILY = 1;
			};
			name = Debug;
		};
		F5FDAD3A2B6ADF5E00650A0C /* Release */ = {
			isa = XCBuildConfiguration;
			buildSettings = {
				ASSETCATALOG_COMPILER_APPICON_NAME = AppIcon;
				ASSETCATALOG_COMPILER_GLOBAL_ACCENT_COLOR_NAME = AccentColor;
				CODE_SIGN_ENTITLEMENTS = useless/useless.entitlements;
				CODE_SIGN_STYLE = Automatic;
				CURRENT_PROJECT_VERSION = 1;
				DEVELOPMENT_ASSET_PATHS = "\"useless/Preview Content\"";
				DEVELOPMENT_TEAM = D6MFYYVHA8;
				ENABLE_PREVIEWS = YES;
				GENERATE_INFOPLIST_FILE = YES;
				INFOPLIST_KEY_CFBundleDisplayName = useless;
				INFOPLIST_KEY_LSApplicationCategoryType = "public.app-category.games";
				INFOPLIST_KEY_UIApplicationSceneManifest_Generation = YES;
				INFOPLIST_KEY_UIApplicationSupportsIndirectInputEvents = YES;
				INFOPLIST_KEY_UILaunchScreen_Generation = YES;
				INFOPLIST_KEY_UIRequiresFullScreen = YES;
				INFOPLIST_KEY_UISupportedInterfaceOrientations = UIInterfaceOrientationPortrait;
				INFOPLIST_KEY_UISupportedInterfaceOrientations_iPad = "UIInterfaceOrientationLandscapeLeft UIInterfaceOrientationLandscapeRight UIInterfaceOrientationPortrait UIInterfaceOrientationPortraitUpsideDown";
				IPHONEOS_DEPLOYMENT_TARGET = 15.0;
				LD_RUNPATH_SEARCH_PATHS = (
					"$(inherited)",
					"@executable_path/Frameworks",
				);
				MARKETING_VERSION = 1.0.0;
				PRODUCT_BUNDLE_IDENTIFIER = "com.jayagra.useless-machine";
				PRODUCT_NAME = "$(TARGET_NAME)";
				SUPPORTED_PLATFORMS = "iphoneos iphonesimulator";
				SUPPORTS_MACCATALYST = NO;
				SUPPORTS_MAC_DESIGNED_FOR_IPHONE_IPAD = NO;
				SUPPORTS_XR_DESIGNED_FOR_IPHONE_IPAD = NO;
				SWIFT_EMIT_LOC_STRINGS = YES;
				SWIFT_VERSION = 5.0;
				TARGETED_DEVICE_FAMILY = 1;
			};
			name = Release;
		};
/* End XCBuildConfiguration section */

/* Begin XCConfigurationList section */
		F5FDAD252B6ADF5D00650A0C /* Build configuration list for PBXProject "useless" */ = {
			isa = XCConfigurationList;
			buildConfigurations = (
				F5FDAD362B6ADF5E00650A0C /* Debug */,
				F5FDAD372B6ADF5E00650A0C /* Release */,
			);
			defaultConfigurationIsVisible = 0;
			defaultConfigurationName = Release;
		};
		F5FDAD382B6ADF5E00650A0C /* Build configuration list for PBXNativeTarget "useless" */ = {
			isa = XCConfigurationList;
			buildConfigurations = (
				F5FDAD392B6ADF5E00650A0C /* Debug */,
				F5FDAD3A2B6ADF5E00650A0C /* Release */,
			);
			defaultConfigurationIsVisible = 0;
			defaultConfigurationName = Release;
		};
/* End XCConfigurationList section */
	};
	rootObject = F5FDAD222B6ADF5D00650A0C /* Project object */;
}
